
Microsoft Visual Studio Solution File, Format Version 12.00
# Visual Studio Version 16
VisualStudioVersion = 16.0.29503.13
MinimumVisualStudioVersion = 10.0.40219.1
Project("{FAE04EC0-301F-11D3-BF4B-00C04F79EFBC}") = "autotxt", "lol\autotxt.csproj", "{A6AD6F33-160D-4675-BF87-8BD03E45C0E8}"
EndProject
Global
	GlobalSection(SolutionConfigurationPlatforms) = preSolution
		Debug|Any CPU = Debug|Any CPU
		Release|Any CPU = Release|Any CPU
	EndGlobalSection
	GlobalSection(ProjectConfigurationPlatforms) = postSolution
		{A6AD6F33-160D-4675-BF87-8BD03E45C0E8}.Debug|Any CPU.ActiveCfg = Debug|Any CPU
		{A6AD6F33-160D-4675-BF87-8BD03E45C0E8}.Debug|Any CPU.Build.0 = Debug|Any CPU
		{A6AD6F33-160D-4675-BF87-8BD03E45C0E8}.Release|Any CPU.ActiveCfg = Release|Any CPU
		{A6AD6F33-160D-4675-BF87-8BD03E45C0E8}.Release|Any CPU.Build.0 = Release|Any CPU
	EndGlobalSection
	GlobalSection(SolutionProperties) = preSolution
		HideSolutionNode = FALSE
	EndGlobalSection
	GlobalSection(ExtensibilityGlobals) = postSolution
		SolutionGuid = {4B9260D3-350A-4E2E-B1A0-63648A0D01C5}
	EndGlobalSection
EndGlobal
